// !$*UTF8*$!
{
	archiveVersion = 1;
	classes = {
	};
	objectVersion = 46;
	objects = {

/* Begin PBXBuildFile section */
		A78DF3231F0421070050259F /* MarkovWordChain.cpp in Sources */ = {isa = PBXBuildFile; fileRef = A78DF3211F0421070050259F /* MarkovWordChain.cpp */; };
		A78DF3261F06B7BA0050259F /* chaosMap.cpp in Sources */ = {isa = PBXBuildFile; fileRef = A78DF3241F06B7BA0050259F /* chaosMap.cpp */; };
		A78DF3321F06D1E10050259F /* main.cpp in Sources */ = {isa = PBXBuildFile; fileRef = A78DF3311F06D1E10050259F /* main.cpp */; };
/* End PBXBuildFile section */

/* Begin PBXCopyFilesBuildPhase section */
		A78DF3121F0406E70050259F /* CopyFiles */ = {
			isa = PBXCopyFilesBuildPhase;
			buildActionMask = 2147483647;
			dstPath = /usr/share/man/man1/;
			dstSubfolderSpec = 0;
			files = (
			);
			runOnlyForDeploymentPostprocessing = 1;
		};
/* End PBXCopyFilesBuildPhase section */

/* Begin PBXFileReference section */
		A78DF3141F0406E70050259F /* MarkovEditor */ = {isa = PBXFileReference; explicitFileType = "compiled.mach-o.executable"; includeInIndex = 0; path = MarkovEditor; sourceTree = BUILT_PRODUCTS_DIR; };
		A78DF3211F0421070050259F /* MarkovWordChain.cpp */ = {isa = PBXFileReference; fileEncoding = 4; lastKnownFileType = sourcecode.cpp.cpp; path = MarkovWordChain.cpp; sourceTree = "<group>"; };
		A78DF3221F0421070050259F /* MarkovWordChain.hpp */ = {isa = PBXFileReference; fileEncoding = 4; lastKnownFileType = sourcecode.cpp.h; path = MarkovWordChain.hpp; sourceTree = "<group>"; };
		A78DF3241F06B7BA0050259F /* chaosMap.cpp */ = {isa = PBXFileReference; fileEncoding = 4; lastKnownFileType = sourcecode.cpp.cpp; path = chaosMap.cpp; sourceTree = "<group>"; };
		A78DF3251F06B7BA0050259F /* chaosMap.h */ = {isa = PBXFileReference; fileEncoding = 4; lastKnownFileType = sourcecode.c.h; path = chaosMap.h; sourceTree = "<group>"; };
		A78DF3311F06D1E10050259F /* main.cpp */ = {isa = PBXFileReference; fileEncoding = 4; lastKnownFileType = sourcecode.cpp.cpp; path = main.cpp; sourceTree = "<group>"; };
/* End PBXFileReference section */

/* Begin PBXFrameworksBuildPhase section */
		A78DF3111F0406E70050259F /* Frameworks */ = {
			isa = PBXFrameworksBuildPhase;
			buildActionMask = 2147483647;
			files = (
			);
			runOnlyForDeploymentPostprocessing = 0;
		};
/* End PBXFrameworksBuildPhase section */

/* Begin PBXGroup section */
		A78DF30B1F0406E70050259F = {
			isa = PBXGroup;
			children = (
				A78DF3161F0406E70050259F /* MarkovEditor */,
				A78DF3151F0406E70050259F /* Products */,
			);
			sourceTree = "<group>";
		};
		A78DF3151F0406E70050259F /* Products */ = {
			isa = PBXGroup;
			children = (
				A78DF3141F0406E70050259F /* MarkovEditor */,
			);
			name = Products;
			sourceTree = "<group>";
		};
		A78DF3161F0406E70050259F /* MarkovEditor */ = {
			isa = PBXGroup;
			children = (
				A78DF3311F06D1E10050259F /* main.cpp */,
				A78DF3211F0421070050259F /* MarkovWordChain.cpp */,
				A78DF3221F0421070050259F /* MarkovWordChain.hpp */,
				A78DF3241F06B7BA0050259F /* chaosMap.cpp */,
				A78DF3251F06B7BA0050259F /* chaosMap.h */,
			);
			path = MarkovEditor;
			sourceTree = "<group>";
		};
/* End PBXGroup section */

/* Begin PBXNativeTarget section */
		A78DF3131F0406E70050259F /* MarkovEditor */ = {
			isa = PBXNativeTarget;
			buildConfigurationList = A78DF31B1F0406E70050259F /* Build configuration list for PBXNativeTarget "MarkovEditor" */;
			buildPhases = (
				A78DF3101F0406E70050259F /* Sources */,
				A78DF3111F0406E70050259F /* Frameworks */,
				A78DF3121F0406E70050259F /* CopyFiles */,
			);
			buildRules = (
			);
			dependencies = (
			);
			name = MarkovEditor;
			productName = MarkovEditor;
			productReference = A78DF3141F0406E70050259F /* MarkovEditor */;
			productType = "com.apple.product-type.tool";
		};
/* End PBXNativeTarget section */

/* Begin PBXProject section */
		A78DF30C1F0406E70050259F /* Project object */ = {
			isa = PBXProject;
			attributes = {
				LastUpgradeCheck = 0720;
				ORGANIZATIONNAME = "Jonathan B Gallagher";
				TargetAttributes = {
					A78DF3131F0406E70050259F = {
						CreatedOnToolsVersion = 7.2.1;
					};
				};
			};
			buildConfigurationList = A78DF30F1F0406E70050259F /* Build configuration list for PBXProject "MarkovEditor" */;
			compatibilityVersion = "Xcode 3.2";
			developmentRegion = English;
			hasScannedForEncodings = 0;
			knownRegions = (
				en,
			);
			mainGroup = A78DF30B1F0406E70050259F;
			productRefGroup = A78DF3151F0406E70050259F /* Products */;
			projectDirPath = "";
			projectRoot = "";
			targets = (
				A78DF3131F0406E70050259F /* MarkovEditor */,
			);
		};
/* End PBXProject section */

/* Begin PBXSourcesBuildPhase section */
		A78DF3101F0406E70050259F /* Sources */ = {
			isa = PBXSourcesBuildPhase;
			buildActionMask = 2147483647;
			files = (
				A78DF3231F0421070050259F /* MarkovWordChain.cpp in Sources */,
				A78DF3321F06D1E10050259F /* main.cpp in Sources */,
				A78DF3261F06B7BA0050259F /* chaosMap.cpp in Sources */,
			);
			runOnlyForDeploymentPostprocessing = 0;
		};
/* End PBXSourcesBuildPhase section */

/* Begin XCBuildConfiguration section */
		A78DF3191F0406E70050259F /* Debug */ = {
			isa = XCBuildConfiguration;
			buildSettings = {
				ALWAYS_SEARCH_USER_PATHS = NO;
				CLANG_CXX_LANGUAGE_STANDARD = "gnu++0x";
				CLANG_CXX_LIBRARY = "libc++";
				CLANG_ENABLE_MODULES = YES;
				CLANG_ENABLE_OBJC_ARC = YES;
				CLANG_WARN_BOOL_CONVERSION = YES;
				CLANG_WARN_CONSTANT_CONVERSION = YES;
				CLANG_WARN_DIRECT_OBJC_ISA_USAGE = YES_ERROR;
				CLANG_WARN_EMPTY_BODY = YES;
				CLANG_WARN_ENUM_CONVERSION = YES;
				CLANG_WARN_INT_CONVERSION = YES;
				CLANG_WARN_OBJC_ROOT_CLASS = YES_ERROR;
				CLANG_WARN_UNREACHABLE_CODE = YES;
				CLANG_WARN__DUPLICATE_METHOD_MATCH = YES;
				CODE_SIGN_IDENTITY = "-";
				COPY_PHASE_STRIP = NO;
				DEBUG_INFORMATION_FORMAT = dwarf;
				ENABLE_STRICT_OBJC_MSGSEND = YES;
				ENABLE_TESTABILITY = YES;
				GCC_C_LANGUAGE_STANDARD = gnu99;
				GCC_DYNAMIC_NO_PIC = NO;
				GCC_NO_COMMON_BLOCKS = YES;
				GCC_OPTIMIZATION_LEVEL = 0;
				GCC_PREPROCESSOR_DEFINITIONS = (
					"DEBUG=1",
					"$(inherited)",
				);
				GCC_WARN_64_TO_32_BIT_CONVERSION = YES;
				GCC_WARN_ABOUT_RETURN_TYPE = YES_ERROR;
				GCC_WARN_UNDECLARED_SELECTOR = YES;
				GCC_WARN_UNINITIALIZED_AUTOS = YES_AGGRESSIVE;
				GCC_WARN_UNUSED_FUNCTION = YES;
				GCC_WARN_UNUSED_VARIABLE = YES;
				MACOSX_DEPLOYMENT_TARGET = 10.10;
				MTL_ENABLE_DEBUG_INFO = YES;
				ONLY_ACTIVE_ARCH = YES;
				SDKROOT = macosx;
			};
			name = Debug;
		};
		A78DF31A1F0406E70050259F /* Release */ = {
			isa = XCBuildConfiguration;
			buildSettings = {
				ALWAYS_SEARCH_USER_PATHS = NO;
				CLANG_CXX_LANGUAGE_STANDARD = "gnu++0x";
				CLANG_CXX_LIBRARY = "libc++";
				CLANG_ENABLE_MODULES = YES;
				CLANG_ENABLE_OBJC_ARC = YES;
				CLANG_WARN_BOOL_CONVERSION = YES;
				CLANG_WARN_CONSTANT_CONVERSION = YES;
				CLANG_WARN_DIRECT_OBJC_ISA_USAGE = YES_ERROR;
				CLANG_WARN_EMPTY_BODY = YES;
				CLANG_WARN_ENUM_CONVERSION = YES;
				CLANG_WARN_INT_CONVERSION = YES;
				CLANG_WARN_OBJC_ROOT_CLASS = YES_ERROR;
				CLANG_WARN_UNREACHABLE_CODE = YES;
				CLANG_WARN__DUPLICATE_METHOD_MATCH = YES;
				CODE_SIGN_IDENTITY = "-";
				COPY_PHASE_STRIP = NO;
				DEBUG_INFORMATION_FORMAT = "dwarf-with-dsym";
				ENABLE_NS_ASSERTIONS = NO;
				ENABLE_STRICT_OBJC_MSGSEND = YES;
				GCC_C_LANGUAGE_STANDARD = gnu99;
				GCC_NO_COMMON_BLOCKS = YES;
				GCC_WARN_64_TO_32_BIT_CONVERSION = YES;
				GCC_WARN_ABOUT_RETURN_TYPE = YES_ERROR;
				GCC_WARN_UNDECLARED_SELECTOR = YES;
				GCC_WARN_UNINITIALIZED_AUTOS = YES_AGGRESSIVE;
				GCC_WARN_UNUSED_FUNCTION = YES;
				GCC_WARN_UNUSED_VARIABLE = YES;
				MACOSX_DEPLOYMENT_TARGET = 10.10;
				MTL_ENABLE_DEBUG_INFO = NO;
				SDKROOT = macosx;
			};
			name = Release;
		};
		A78DF31C1F0406E70050259F /* Debug */ = {
			isa = XCBuildConfiguration;
			buildSettings = {
				ALWAYS_SEARCH_USER_PATHS = YES;
				HEADER_SEARCH_PATHS = /usr/include;
				OTHER_CPLUSPLUSFLAGS = (
					"$(OTHER_CFLAGS)",
					"-I/usr/include",
				);
				OTHER_LDFLAGS = (
					/usr/lib/libfltk.a,
					"-lpthread",
					"-framework",
					Cocoa,
				);
				PRODUCT_NAME = "$(TARGET_NAME)";
			};
			name = Debug;
		};
		A78DF31D1F0406E70050259F /* Release */ = {
			isa = XCBuildConfiguration;
			buildSettings = {
				ALWAYS_SEARCH_USER_PATHS = YES;
				HEADER_SEARCH_PATHS = /usr/include;
				OTHER_CPLUSPLUSFLAGS = (
					"$(OTHER_CFLAGS)",
					"-I/usr/include",
				);
				OTHER_LDFLAGS = (
					/usr/lib/libfltk.a,
					"-lpthread",
					"-framework",
					Cocoa,
				);
				PRODUCT_NAME = "$(TARGET_NAME)";
			};
			name = Release;
		};
/* End XCBuildConfiguration section */

/* Begin XCConfigurationList section */
		A78DF30F1F0406E70050259F /* Build configuration list for PBXProject "MarkovEditor" */ = {
			isa = XCConfigurationList;
			buildConfigurations = (
				A78DF3191F0406E70050259F /* Debug */,
				A78DF31A1F0406E70050259F /* Release */,
			);
			defaultConfigurationIsVisible = 0;
			defaultConfigurationName = Release;
		};
		A78DF31B1F0406E70050259F /* Build configuration list for PBXNativeTarget "MarkovEditor" */ = {
			isa = XCConfigurationList;
			buildConfigurations = (
				A78DF31C1F0406E70050259F /* Debug */,
				A78DF31D1F0406E70050259F /* Release */,
			);
			defaultConfigurationIsVisible = 0;
		};
/* End XCConfigurationList section */
	};
	rootObject = A78DF30C1F0406E70050259F /* Project object */;
}
